
Microsoft Visual Studio Solution File, Format Version 12.00
# Visual Studio 15
VisualStudioVersion = 15.0.27703.2047
MinimumVisualStudioVersion = 10.0.40219.1
Project("{FAE04EC0-301F-11D3-BF4B-00C04F79EFBC}") = "FinDownEntity", "FinDownEntity\FinDownEntity.csproj", "{3F7D9DD9-F37A-4266-8D95-45C590D7B6C2}"
EndProject
Project("{FAE04EC0-301F-11D3-BF4B-00C04F79EFBC}") = "FinamDownloader", "FinamDownloader\FinamDownloader.csproj", "{D4E85AFF-D848-4A01-AE41-419A74927F97}"
EndProject
Global
	GlobalSection(SolutionConfigurationPlatforms) = preSolution
		Debug|Any CPU = Debug|Any CPU
		Release|Any CPU = Release|Any CPU
	EndGlobalSection
	GlobalSection(ProjectConfigurationPlatforms) = postSolution
		{3F7D9DD9-F37A-4266-8D95-45C590D7B6C2}.Debug|Any CPU.ActiveCfg = Debug|Any CPU
		{3F7D9DD9-F37A-4266-8D95-45C590D7B6C2}.Debug|Any CPU.Build.0 = Debug|Any CPU
		{3F7D9DD9-F37A-4266-8D95-45C590D7B6C2}.Release|Any CPU.ActiveCfg = Release|Any CPU
		{3F7D9DD9-F37A-4266-8D95-45C590D7B6C2}.Release|Any CPU.Build.0 = Release|Any CPU
		{D4E85AFF-D848-4A01-AE41-419A74927F97}.Debug|Any CPU.ActiveCfg = Debug|Any CPU
		{D4E85AFF-D848-4A01-AE41-419A74927F97}.Debug|Any CPU.Build.0 = Debug|Any CPU
		{D4E85AFF-D848-4A01-AE41-419A74927F97}.Release|Any CPU.ActiveCfg = Release|Any CPU
		{D4E85AFF-D848-4A01-AE41-419A74927F97}.Release|Any CPU.Build.0 = Release|Any CPU
	EndGlobalSection
	GlobalSection(SolutionProperties) = preSolution
		HideSolutionNode = FALSE
	EndGlobalSection
	GlobalSection(ExtensibilityGlobals) = postSolution
		SolutionGuid = {7238D51B-80BD-498A-9423-C613BB936E0A}
	EndGlobalSection
EndGlobal
